<Solution>
  <Folder Name="/Services/" />
  <Folder Name="/Services/Basket/">
    <Project Path="Services/Basket/Basket.API/Basket.API.csproj" Id="189a5832-8894-47ba-8260-0092d11cd372" />
    <Project Path="Services/Basket/Basket.Application/Basket.Application.csproj" Id="bd2a8b0e-7a34-48d0-a4fb-a969b2845b5f" />
    <Project Path="Services/Basket/Basket.Core/Basket.Core.csproj" Id="236c6853-9876-451e-a077-af39a78795ed" />
    <Project Path="Services/Basket/Basket.Infrastructure/Basket.Infrastructure.csproj" Id="366a6e04-62bb-4221-821d-992343e6036e" />
  </Folder>
  <Folder Name="/Services/Catalog/">
    <Project Path="Services/Catalog/Catalog.API/Catalog.API.csproj" />
    <Project Path="Services/Catalog/Catalog.Application/Catalog.Application.csproj" />
    <Project Path="Services/Catalog/Catalog.Core/Catalog.Core.csproj" />
    <Project Path="Services/Catalog/Catalog.Infrastructure/Catalog.Infrastructure.csproj" />
  </Folder>
  <Folder Name="/Services/Discount/">
    <Project Path="Services/Discount/Discount.API/Discount.API.csproj" Id="671d43d6-8d3a-4eb2-af2e-15be30bd8728" />
    <Project Path="Services/Discount/Discount.Application/Discount.Application.csproj" Id="ee55f1db-4db4-48a5-a546-d9a4a5bfb12e" />
    <Project Path="Services/Discount/Discount.Core/Discount.Core.csproj" Id="5c7bf5db-fed8-4017-94d1-4dd63ab426b6" />
    <Project Path="Services/Discount/Discount.Infrastructure/Discount.Infrastructure.csproj" Id="b691e36c-9283-4e88-aa4b-0c68ab41b7e8" />
  </Folder>
  <Project Path="docker-compose.dcproj">
    <Build />
  </Project>
</Solution>
